// !$*UTF8*$!
{
	archiveVersion = 1;
	classes = {
	};
	objectVersion = 46;
	objects = {

/* Begin PBXBuildFile section */
		349844181E5B33450038F167 /* main.m in Sources */ = {isa = PBXBuildFile; fileRef = 349844171E5B33450038F167 /* main.m */; };
		3498441B1E5B33450038F167 /* AppDelegate.m in Sources */ = {isa = PBXBuildFile; fileRef = 3498441A1E5B33450038F167 /* AppDelegate.m */; };
		3498441E1E5B33450038F167 /* ViewController.m in Sources */ = {isa = PBXBuildFile; fileRef = 3498441D1E5B33450038F167 /* ViewController.m */; };
		349844211E5B33450038F167 /* Main.storyboard in Resources */ = {isa = PBXBuildFile; fileRef = 3498441F1E5B33450038F167 /* Main.storyboard */; };
		349844231E5B33450038F167 /* Assets.xcassets in Resources */ = {isa = PBXBuildFile; fileRef = 349844221E5B33450038F167 /* Assets.xcassets */; };
		349844261E5B33450038F167 /* LaunchScreen.storyboard in Resources */ = {isa = PBXBuildFile; fileRef = 349844241E5B33450038F167 /* LaunchScreen.storyboard */; };
		349844311E5B33450038F167 /* MyXcodeObjectTests.m in Sources */ = {isa = PBXBuildFile; fileRef = 349844301E5B33450038F167 /* MyXcodeObjectTests.m */; };
		3498443C1E5B33450038F167 /* MyXcodeObjectUITests.m in Sources */ = {isa = PBXBuildFile; fileRef = 3498443B1E5B33450038F167 /* MyXcodeObjectUITests.m */; };
		349844CA1E5B3A2E0038F167 /* CSViewController.m in Sources */ = {isa = PBXBuildFile; fileRef = 349844C81E5B3A2E0038F167 /* CSViewController.m */; };
		349844CB1E5B3A2E0038F167 /* CSViewController.xib in Resources */ = {isa = PBXBuildFile; fileRef = 349844C91E5B3A2E0038F167 /* CSViewController.xib */; };
		349844CF1E5D6B2E0038F167 /* MGCEditImageViewController.m in Sources */ = {isa = PBXBuildFile; fileRef = 349844CD1E5D6B2E0038F167 /* MGCEditImageViewController.m */; };
		349844D01E5D6B2E0038F167 /* MGCEditImageViewController.xib in Resources */ = {isa = PBXBuildFile; fileRef = 349844CE1E5D6B2E0038F167 /* MGCEditImageViewController.xib */; };
		349844D31E5D6EC70038F167 /* UIImage+imgCustom.m in Sources */ = {isa = PBXBuildFile; fileRef = 349844D21E5D6EC70038F167 /* UIImage+imgCustom.m */; };
		349844D51E5D71220038F167 /* 健康调查.png in Resources */ = {isa = PBXBuildFile; fileRef = 349844D41E5D71220038F167 /* 健康调查.png */; };
/* End PBXBuildFile section */

/* Begin PBXContainerItemProxy section */
		3498442D1E5B33450038F167 /* PBXContainerItemProxy */ = {
			isa = PBXContainerItemProxy;
			containerPortal = 3498440B1E5B33450038F167 /* Project object */;
			proxyType = 1;
			remoteGlobalIDString = 349844121E5B33450038F167;
			remoteInfo = MyXcodeObject;
		};
		349844381E5B33450038F167 /* PBXContainerItemProxy */ = {
			isa = PBXContainerItemProxy;
			containerPortal = 3498440B1E5B33450038F167 /* Project object */;
			proxyType = 1;
			remoteGlobalIDString = 349844121E5B33450038F167;
			remoteInfo = MyXcodeObject;
		};
/* End PBXContainerItemProxy section */

/* Begin PBXFileReference section */
		349844131E5B33450038F167 /* MyXcodeObject.app */ = {isa = PBXFileReference; explicitFileType = wrapper.application; includeInIndex = 0; path = MyXcodeObject.app; sourceTree = BUILT_PRODUCTS_DIR; };
		349844171E5B33450038F167 /* main.m */ = {isa = PBXFileReference; lastKnownFileType = sourcecode.c.objc; path = main.m; sourceTree = "<group>"; };
		349844191E5B33450038F167 /* AppDelegate.h */ = {isa = PBXFileReference; lastKnownFileType = sourcecode.c.h; path = AppDelegate.h; sourceTree = "<group>"; };
		3498441A1E5B33450038F167 /* AppDelegate.m */ = {isa = PBXFileReference; lastKnownFileType = sourcecode.c.objc; path = AppDelegate.m; sourceTree = "<group>"; };
		3498441C1E5B33450038F167 /* ViewController.h */ = {isa = PBXFileReference; lastKnownFileType = sourcecode.c.h; path = ViewController.h; sourceTree = "<group>"; };
		3498441D1E5B33450038F167 /* ViewController.m */ = {isa = PBXFileReference; lastKnownFileType = sourcecode.c.objc; path = ViewController.m; sourceTree = "<group>"; };
		349844201E5B33450038F167 /* Base */ = {isa = PBXFileReference; lastKnownFileType = file.storyboard; name = Base; path = Base.lproj/Main.storyboard; sourceTree = "<group>"; };
		349844221E5B33450038F167 /* Assets.xcassets */ = {isa = PBXFileReference; lastKnownFileType = folder.assetcatalog; path = Assets.xcassets; sourceTree = "<group>"; };
		349844251E5B33450038F167 /* Base */ = {isa = PBXFileReference; lastKnownFileType = file.storyboard; name = Base; path = Base.lproj/LaunchScreen.storyboard; sourceTree = "<group>"; };
		349844271E5B33450038F167 /* Info.plist */ = {isa = PBXFileReference; lastKnownFileType = text.plist.xml; path = Info.plist; sourceTree = "<group>"; };
		3498442C1E5B33450038F167 /* MyXcodeObjectTests.xctest */ = {isa = PBXFileReference; explicitFileType = wrapper.cfbundle; includeInIndex = 0; path = MyXcodeObjectTests.xctest; sourceTree = BUILT_PRODUCTS_DIR; };
		349844301E5B33450038F167 /* MyXcodeObjectTests.m */ = {isa = PBXFileReference; lastKnownFileType = sourcecode.c.objc; path = MyXcodeObjectTests.m; sourceTree = "<group>"; };
		349844321E5B33450038F167 /* Info.plist */ = {isa = PBXFileReference; lastKnownFileType = text.plist.xml; path = Info.plist; sourceTree = "<group>"; };
		349844371E5B33450038F167 /* MyXcodeObjectUITests.xctest */ = {isa = PBXFileReference; explicitFileType = wrapper.cfbundle; includeInIndex = 0; path = MyXcodeObjectUITests.xctest; sourceTree = BUILT_PRODUCTS_DIR; };
		3498443B1E5B33450038F167 /* MyXcodeObjectUITests.m */ = {isa = PBXFileReference; lastKnownFileType = sourcecode.c.objc; path = MyXcodeObjectUITests.m; sourceTree = "<group>"; };
		3498443D1E5B33450038F167 /* Info.plist */ = {isa = PBXFileReference; lastKnownFileType = text.plist.xml; path = Info.plist; sourceTree = "<group>"; };
		349844C71E5B3A2E0038F167 /* CSViewController.h */ = {isa = PBXFileReference; fileEncoding = 4; lastKnownFileType = sourcecode.c.h; path = CSViewController.h; sourceTree = "<group>"; };
		349844C81E5B3A2E0038F167 /* CSViewController.m */ = {isa = PBXFileReference; fileEncoding = 4; lastKnownFileType = sourcecode.c.objc; path = CSViewController.m; sourceTree = "<group>"; };
		349844C91E5B3A2E0038F167 /* CSViewController.xib */ = {isa = PBXFileReference; fileEncoding = 4; lastKnownFileType = file.xib; path = CSViewController.xib; sourceTree = "<group>"; };
		349844CC1E5D6B2D0038F167 /* MGCEditImageViewController.h */ = {isa = PBXFileReference; fileEncoding = 4; lastKnownFileType = sourcecode.c.h; path = MGCEditImageViewController.h; sourceTree = "<group>"; };
		349844CD1E5D6B2E0038F167 /* MGCEditImageViewController.m */ = {isa = PBXFileReference; fileEncoding = 4; lastKnownFileType = sourcecode.c.objc; path = MGCEditImageViewController.m; sourceTree = "<group>"; };
		349844CE1E5D6B2E0038F167 /* MGCEditImageViewController.xib */ = {isa = PBXFileReference; fileEncoding = 4; lastKnownFileType = file.xib; path = MGCEditImageViewController.xib; sourceTree = "<group>"; };
		349844D11E5D6EC70038F167 /* UIImage+imgCustom.h */ = {isa = PBXFileReference; fileEncoding = 4; lastKnownFileType = sourcecode.c.h; path = "UIImage+imgCustom.h"; sourceTree = "<group>"; };
		349844D21E5D6EC70038F167 /* UIImage+imgCustom.m */ = {isa = PBXFileReference; fileEncoding = 4; lastKnownFileType = sourcecode.c.objc; path = "UIImage+imgCustom.m"; sourceTree = "<group>"; };
		349844D41E5D71220038F167 /* 健康调查.png */ = {isa = PBXFileReference; lastKnownFileType = image.png; path = "健康调查.png"; sourceTree = "<group>"; };
/* End PBXFileReference section */

/* Begin PBXFrameworksBuildPhase section */
		349844101E5B33450038F167 /* Frameworks */ = {
			isa = PBXFrameworksBuildPhase;
			buildActionMask = 2147483647;
			files = (
			);
			runOnlyForDeploymentPostprocessing = 0;
		};
		349844291E5B33450038F167 /* Frameworks */ = {
			isa = PBXFrameworksBuildPhase;
			buildActionMask = 2147483647;
			files = (
			);
			runOnlyForDeploymentPostprocessing = 0;
		};
		349844341E5B33450038F167 /* Frameworks */ = {
			isa = PBXFrameworksBuildPhase;
			buildActionMask = 2147483647;
			files = (
			);
			runOnlyForDeploymentPostprocessing = 0;
		};
/* End PBXFrameworksBuildPhase section */

/* Begin PBXGroup section */
		3498440A1E5B33450038F167 = {
			isa = PBXGroup;
			children = (
				349844151E5B33450038F167 /* MyXcodeObject */,
				3498442F1E5B33450038F167 /* MyXcodeObjectTests */,
				3498443A1E5B33450038F167 /* MyXcodeObjectUITests */,
				349844141E5B33450038F167 /* Products */,
			);
			sourceTree = "<group>";
		};
		349844141E5B33450038F167 /* Products */ = {
			isa = PBXGroup;
			children = (
				349844131E5B33450038F167 /* MyXcodeObject.app */,
				3498442C1E5B33450038F167 /* MyXcodeObjectTests.xctest */,
				349844371E5B33450038F167 /* MyXcodeObjectUITests.xctest */,
			);
			name = Products;
			sourceTree = "<group>";
		};
		349844151E5B33450038F167 /* MyXcodeObject */ = {
			isa = PBXGroup;
			children = (
				349844D41E5D71220038F167 /* 健康调查.png */,
				349844191E5B33450038F167 /* AppDelegate.h */,
				3498441A1E5B33450038F167 /* AppDelegate.m */,
				3498441C1E5B33450038F167 /* ViewController.h */,
				3498441D1E5B33450038F167 /* ViewController.m */,
				3498441F1E5B33450038F167 /* Main.storyboard */,
				349844221E5B33450038F167 /* Assets.xcassets */,
				349844241E5B33450038F167 /* LaunchScreen.storyboard */,
				349844271E5B33450038F167 /* Info.plist */,
				349844161E5B33450038F167 /* Supporting Files */,
				349844C71E5B3A2E0038F167 /* CSViewController.h */,
				349844C81E5B3A2E0038F167 /* CSViewController.m */,
				349844C91E5B3A2E0038F167 /* CSViewController.xib */,
				349844CC1E5D6B2D0038F167 /* MGCEditImageViewController.h */,
				349844CD1E5D6B2E0038F167 /* MGCEditImageViewController.m */,
				349844CE1E5D6B2E0038F167 /* MGCEditImageViewController.xib */,
				349844D11E5D6EC70038F167 /* UIImage+imgCustom.h */,
				349844D21E5D6EC70038F167 /* UIImage+imgCustom.m */,
			);
			path = MyXcodeObject;
			sourceTree = "<group>";
		};
		349844161E5B33450038F167 /* Supporting Files */ = {
			isa = PBXGroup;
			children = (
				349844171E5B33450038F167 /* main.m */,
			);
			name = "Supporting Files";
			sourceTree = "<group>";
		};
		3498442F1E5B33450038F167 /* MyXcodeObjectTests */ = {
			isa = PBXGroup;
			children = (
				349844301E5B33450038F167 /* MyXcodeObjectTests.m */,
				349844321E5B33450038F167 /* Info.plist */,
			);
			path = MyXcodeObjectTests;
			sourceTree = "<group>";
		};
		3498443A1E5B33450038F167 /* MyXcodeObjectUITests */ = {
			isa = PBXGroup;
			children = (
				3498443B1E5B33450038F167 /* MyXcodeObjectUITests.m */,
				3498443D1E5B33450038F167 /* Info.plist */,
			);
			path = MyXcodeObjectUITests;
			sourceTree = "<group>";
		};
/* End PBXGroup section */

/* Begin PBXNativeTarget section */
		349844121E5B33450038F167 /* MyXcodeObject */ = {
			isa = PBXNativeTarget;
			buildConfigurationList = 349844401E5B33450038F167 /* Build configuration list for PBXNativeTarget "MyXcodeObject" */;
			buildPhases = (
				3498440F1E5B33450038F167 /* Sources */,
				349844101E5B33450038F167 /* Frameworks */,
				349844111E5B33450038F167 /* Resources */,
			);
			buildRules = (
			);
			dependencies = (
			);
			name = MyXcodeObject;
			productName = MyXcodeObject;
			productReference = 349844131E5B33450038F167 /* MyXcodeObject.app */;
			productType = "com.apple.product-type.application";
		};
		3498442B1E5B33450038F167 /* MyXcodeObjectTests */ = {
			isa = PBXNativeTarget;
			buildConfigurationList = 349844431E5B33450038F167 /* Build configuration list for PBXNativeTarget "MyXcodeObjectTests" */;
			buildPhases = (
				349844281E5B33450038F167 /* Sources */,
				349844291E5B33450038F167 /* Frameworks */,
				3498442A1E5B33450038F167 /* Resources */,
			);
			buildRules = (
			);
			dependencies = (
				3498442E1E5B33450038F167 /* PBXTargetDependency */,
			);
			name = MyXcodeObjectTests;
			productName = MyXcodeObjectTests;
			productReference = 3498442C1E5B33450038F167 /* MyXcodeObjectTests.xctest */;
			productType = "com.apple.product-type.bundle.unit-test";
		};
		349844361E5B33450038F167 /* MyXcodeObjectUITests */ = {
			isa = PBXNativeTarget;
			buildConfigurationList = 349844461E5B33450038F167 /* Build configuration list for PBXNativeTarget "MyXcodeObjectUITests" */;
			buildPhases = (
				349844331E5B33450038F167 /* Sources */,
				349844341E5B33450038F167 /* Frameworks */,
				349844351E5B33450038F167 /* Resources */,
			);
			buildRules = (
			);
			dependencies = (
				349844391E5B33450038F167 /* PBXTargetDependency */,
			);
			name = MyXcodeObjectUITests;
			productName = MyXcodeObjectUITests;
			productReference = 349844371E5B33450038F167 /* MyXcodeObjectUITests.xctest */;
			productType = "com.apple.product-type.bundle.ui-testing";
		};
/* End PBXNativeTarget section */

/* Begin PBXProject section */
		3498440B1E5B33450038F167 /* Project object */ = {
			isa = PBXProject;
			attributes = {
				LastUpgradeCheck = 0810;
				ORGANIZATIONNAME = "陈胜";
				TargetAttributes = {
					349844121E5B33450038F167 = {
						CreatedOnToolsVersion = 8.1;
						ProvisioningStyle = Automatic;
					};
					3498442B1E5B33450038F167 = {
						CreatedOnToolsVersion = 8.1;
						ProvisioningStyle = Automatic;
						TestTargetID = 349844121E5B33450038F167;
					};
					349844361E5B33450038F167 = {
						CreatedOnToolsVersion = 8.1;
						ProvisioningStyle = Automatic;
						TestTargetID = 349844121E5B33450038F167;
					};
				};
			};
			buildConfigurationList = 3498440E1E5B33450038F167 /* Build configuration list for PBXProject "MyXcodeObject" */;
			compatibilityVersion = "Xcode 3.2";
			developmentRegion = English;
			hasScannedForEncodings = 0;
			knownRegions = (
				en,
				Base,
			);
			mainGroup = 3498440A1E5B33450038F167;
			productRefGroup = 349844141E5B33450038F167 /* Products */;
			projectDirPath = "";
			projectRoot = "";
			targets = (
				349844121E5B33450038F167 /* MyXcodeObject */,
				3498442B1E5B33450038F167 /* MyXcodeObjectTests */,
				349844361E5B33450038F167 /* MyXcodeObjectUITests */,
			);
		};
/* End PBXProject section */

/* Begin PBXResourcesBuildPhase section */
		349844111E5B33450038F167 /* Resources */ = {
			isa = PBXResourcesBuildPhase;
			buildActionMask = 2147483647;
			files = (
				349844D01E5D6B2E0038F167 /* MGCEditImageViewController.xib in Resources */,
				349844D51E5D71220038F167 /* 健康调查.png in Resources */,
				349844261E5B33450038F167 /* LaunchScreen.storyboard in Resources */,
				349844231E5B33450038F167 /* Assets.xcassets in Resources */,
				349844CB1E5B3A2E0038F167 /* CSViewController.xib in Resources */,
				349844211E5B33450038F167 /* Main.storyboard in Resources */,
			);
			runOnlyForDeploymentPostprocessing = 0;
		};
		3498442A1E5B33450038F167 /* Resources */ = {
			isa = PBXResourcesBuildPhase;
			buildActionMask = 2147483647;
			files = (
			);
			runOnlyForDeploymentPostprocessing = 0;
		};
		349844351E5B33450038F167 /* Resources */ = {
			isa = PBXResourcesBuildPhase;
			buildActionMask = 2147483647;
			files = (
			);
			runOnlyForDeploymentPostprocessing = 0;
		};
/* End PBXResourcesBuildPhase section */

/* Begin PBXSourcesBuildPhase section */
		3498440F1E5B33450038F167 /* Sources */ = {
			isa = PBXSourcesBuildPhase;
			buildActionMask = 2147483647;
			files = (
				3498441E1E5B33450038F167 /* ViewController.m in Sources */,
				349844CF1E5D6B2E0038F167 /* MGCEditImageViewController.m in Sources */,
				349844D31E5D6EC70038F167 /* UIImage+imgCustom.m in Sources */,
				3498441B1E5B33450038F167 /* AppDelegate.m in Sources */,
				349844CA1E5B3A2E0038F167 /* CSViewController.m in Sources */,
				349844181E5B33450038F167 /* main.m in Sources */,
			);
			runOnlyForDeploymentPostprocessing = 0;
		};
		349844281E5B33450038F167 /* Sources */ = {
			isa = PBXSourcesBuildPhase;
			buildActionMask = 2147483647;
			files = (
				349844311E5B33450038F167 /* MyXcodeObjectTests.m in Sources */,
			);
			runOnlyForDeploymentPostprocessing = 0;
		};
		349844331E5B33450038F167 /* Sources */ = {
			isa = PBXSourcesBuildPhase;
			buildActionMask = 2147483647;
			files = (
				3498443C1E5B33450038F167 /* MyXcodeObjectUITests.m in Sources */,
			);
			runOnlyForDeploymentPostprocessing = 0;
		};
/* End PBXSourcesBuildPhase section */

/* Begin PBXTargetDependency section */
		3498442E1E5B33450038F167 /* PBXTargetDependency */ = {
			isa = PBXTargetDependency;
			target = 349844121E5B33450038F167 /* MyXcodeObject */;
			targetProxy = 3498442D1E5B33450038F167 /* PBXContainerItemProxy */;
		};
		349844391E5B33450038F167 /* PBXTargetDependency */ = {
			isa = PBXTargetDependency;
			target = 349844121E5B33450038F167 /* MyXcodeObject */;
			targetProxy = 349844381E5B33450038F167 /* PBXContainerItemProxy */;
		};
/* End PBXTargetDependency section */

/* Begin PBXVariantGroup section */
		3498441F1E5B33450038F167 /* Main.storyboard */ = {
			isa = PBXVariantGroup;
			children = (
				349844201E5B33450038F167 /* Base */,
			);
			name = Main.storyboard;
			sourceTree = "<group>";
		};
		349844241E5B33450038F167 /* LaunchScreen.storyboard */ = {
			isa = PBXVariantGroup;
			children = (
				349844251E5B33450038F167 /* Base */,
			);
			name = LaunchScreen.storyboard;
			sourceTree = "<group>";
		};
/* End PBXVariantGroup section */

/* Begin XCBuildConfiguration section */
		3498443E1E5B33450038F167 /* Debug */ = {
			isa = XCBuildConfiguration;
			buildSettings = {
				ALWAYS_SEARCH_USER_PATHS = NO;
				CLANG_ANALYZER_NONNULL = YES;
				CLANG_CXX_LANGUAGE_STANDARD = "gnu++0x";
				CLANG_CXX_LIBRARY = "libc++";
				CLANG_ENABLE_MODULES = YES;
				CLANG_ENABLE_OBJC_ARC = YES;
				CLANG_WARN_BOOL_CONVERSION = YES;
				CLANG_WARN_CONSTANT_CONVERSION = YES;
				CLANG_WARN_DIRECT_OBJC_ISA_USAGE = YES_ERROR;
				CLANG_WARN_DOCUMENTATION_COMMENTS = YES;
				CLANG_WARN_EMPTY_BODY = YES;
				CLANG_WARN_ENUM_CONVERSION = YES;
				CLANG_WARN_INFINITE_RECURSION = YES;
				CLANG_WARN_INT_CONVERSION = YES;
				CLANG_WARN_OBJC_ROOT_CLASS = YES_ERROR;
				CLANG_WARN_SUSPICIOUS_MOVES = YES;
				CLANG_WARN_UNREACHABLE_CODE = YES;
				CLANG_WARN__DUPLICATE_METHOD_MATCH = YES;
				"CODE_SIGN_IDENTITY[sdk=iphoneos*]" = "iPhone Developer";
				COPY_PHASE_STRIP = NO;
				DEBUG_INFORMATION_FORMAT = dwarf;
				ENABLE_STRICT_OBJC_MSGSEND = YES;
				ENABLE_TESTABILITY = YES;
				GCC_C_LANGUAGE_STANDARD = gnu99;
				GCC_DYNAMIC_NO_PIC = NO;
				GCC_NO_COMMON_BLOCKS = YES;
				GCC_OPTIMIZATION_LEVEL = 0;
				GCC_PREPROCESSOR_DEFINITIONS = (
					"DEBUG=1",
					"$(inherited)",
				);
				GCC_WARN_64_TO_32_BIT_CONVERSION = YES;
				GCC_WARN_ABOUT_RETURN_TYPE = YES_ERROR;
				GCC_WARN_UNDECLARED_SELECTOR = YES;
				GCC_WARN_UNINITIALIZED_AUTOS = YES_AGGRESSIVE;
				GCC_WARN_UNUSED_FUNCTION = YES;
				GCC_WARN_UNUSED_VARIABLE = YES;
				IPHONEOS_DEPLOYMENT_TARGET = 10.1;
				MTL_ENABLE_DEBUG_INFO = YES;
				ONLY_ACTIVE_ARCH = YES;
				SDKROOT = iphoneos;
			};
			name = Debug;
		};
		3498443F1E5B33450038F167 /* Release */ = {
			isa = XCBuildConfiguration;
			buildSettings = {
				ALWAYS_SEARCH_USER_PATHS = NO;
				CLANG_ANALYZER_NONNULL = YES;
				CLANG_CXX_LANGUAGE_STANDARD = "gnu++0x";
				CLANG_CXX_LIBRARY = "libc++";
				CLANG_ENABLE_MODULES = YES;
				CLANG_ENABLE_OBJC_ARC = YES;
				CLANG_WARN_BOOL_CONVERSION = YES;
				CLANG_WARN_CONSTANT_CONVERSION = YES;
				CLANG_WARN_DIRECT_OBJC_ISA_USAGE = YES_ERROR;
				CLANG_WARN_DOCUMENTATION_COMMENTS = YES;
				CLANG_WARN_EMPTY_BODY = YES;
				CLANG_WARN_ENUM_CONVERSION = YES;
				CLANG_WARN_INFINITE_RECURSION = YES;
				CLANG_WARN_INT_CONVERSION = YES;
				CLANG_WARN_OBJC_ROOT_CLASS = YES_ERROR;
				CLANG_WARN_SUSPICIOUS_MOVES = YES;
				CLANG_WARN_UNREACHABLE_CODE = YES;
				CLANG_WARN__DUPLICATE_METHOD_MATCH = YES;
				"CODE_SIGN_IDENTITY[sdk=iphoneos*]" = "iPhone Developer";
				COPY_PHASE_STRIP = NO;
				DEBUG_INFORMATION_FORMAT = "dwarf-with-dsym";
				ENABLE_NS_ASSERTIONS = NO;
				ENABLE_STRICT_OBJC_MSGSEND = YES;
				GCC_C_LANGUAGE_STANDARD = gnu99;
				GCC_NO_COMMON_BLOCKS = YES;
				GCC_WARN_64_TO_32_BIT_CONVERSION = YES;
				GCC_WARN_ABOUT_RETURN_TYPE = YES_ERROR;
				GCC_WARN_UNDECLARED_SELECTOR = YES;
				GCC_WARN_UNINITIALIZED_AUTOS = YES_AGGRESSIVE;
				GCC_WARN_UNUSED_FUNCTION = YES;
				GCC_WARN_UNUSED_VARIABLE = YES;
				IPHONEOS_DEPLOYMENT_TARGET = 10.1;
				MTL_ENABLE_DEBUG_INFO = NO;
				SDKROOT = iphoneos;
				VALIDATE_PRODUCT = YES;
			};
			name = Release;
		};
		349844411E5B33450038F167 /* Debug */ = {
			isa = XCBuildConfiguration;
			buildSettings = {
				ASSETCATALOG_COMPILER_APPICON_NAME = AppIcon;
				INFOPLIST_FILE = MyXcodeObject/Info.plist;
				LD_RUNPATH_SEARCH_PATHS = "$(inherited) @executable_path/Frameworks";
				PRODUCT_BUNDLE_IDENTIFIER = test.com.MyXcodeObject;
				PRODUCT_NAME = "$(TARGET_NAME)";
			};
			name = Debug;
		};
		349844421E5B33450038F167 /* Release */ = {
			isa = XCBuildConfiguration;
			buildSettings = {
				ASSETCATALOG_COMPILER_APPICON_NAME = AppIcon;
				INFOPLIST_FILE = MyXcodeObject/Info.plist;
				LD_RUNPATH_SEARCH_PATHS = "$(inherited) @executable_path/Frameworks";
				PRODUCT_BUNDLE_IDENTIFIER = test.com.MyXcodeObject;
				PRODUCT_NAME = "$(TARGET_NAME)";
			};
			name = Release;
		};
		349844441E5B33450038F167 /* Debug */ = {
			isa = XCBuildConfiguration;
			buildSettings = {
				BUNDLE_LOADER = "$(TEST_HOST)";
				INFOPLIST_FILE = MyXcodeObjectTests/Info.plist;
				LD_RUNPATH_SEARCH_PATHS = "$(inherited) @executable_path/Frameworks @loader_path/Frameworks";
				PRODUCT_BUNDLE_IDENTIFIER = test.com.MyXcodeObjectTests;
				PRODUCT_NAME = "$(TARGET_NAME)";
				TEST_HOST = "$(BUILT_PRODUCTS_DIR)/MyXcodeObject.app/MyXcodeObject";
			};
			name = Debug;
		};
		349844451E5B33450038F167 /* Release */ = {
			isa = XCBuildConfiguration;
			buildSettings = {
				BUNDLE_LOADER = "$(TEST_HOST)";
				INFOPLIST_FILE = MyXcodeObjectTests/Info.plist;
				LD_RUNPATH_SEARCH_PATHS = "$(inherited) @executable_path/Frameworks @loader_path/Frameworks";
				PRODUCT_BUNDLE_IDENTIFIER = test.com.MyXcodeObjectTests;
				PRODUCT_NAME = "$(TARGET_NAME)";
				TEST_HOST = "$(BUILT_PRODUCTS_DIR)/MyXcodeObject.app/MyXcodeObject";
			};
			name = Release;
		};
		349844471E5B33450038F167 /* Debug */ = {
			isa = XCBuildConfiguration;
			buildSettings = {
				INFOPLIST_FILE = MyXcodeObjectUITests/Info.plist;
				LD_RUNPATH_SEARCH_PATHS = "$(inherited) @executable_path/Frameworks @loader_path/Frameworks";
				PRODUCT_BUNDLE_IDENTIFIER = test.com.MyXcodeObjectUITests;
				PRODUCT_NAME = "$(TARGET_NAME)";
				TEST_TARGET_NAME = MyXcodeObject;
			};
			name = Debug;
		};
		349844481E5B33450038F167 /* Release */ = {
			isa = XCBuildConfiguration;
			buildSettings = {
				INFOPLIST_FILE = MyXcodeObjectUITests/Info.plist;
				LD_RUNPATH_SEARCH_PATHS = "$(inherited) @executable_path/Frameworks @loader_path/Frameworks";
				PRODUCT_BUNDLE_IDENTIFIER = test.com.MyXcodeObjectUITests;
				PRODUCT_NAME = "$(TARGET_NAME)";
				TEST_TARGET_NAME = MyXcodeObject;
			};
			name = Release;
		};
/* End XCBuildConfiguration section */

/* Begin XCConfigurationList section */
		3498440E1E5B33450038F167 /* Build configuration list for PBXProject "MyXcodeObject" */ = {
			isa = XCConfigurationList;
			buildConfigurations = (
				3498443E1E5B33450038F167 /* Debug */,
				3498443F1E5B33450038F167 /* Release */,
			);
			defaultConfigurationIsVisible = 0;
			defaultConfigurationName = Release;
		};
		349844401E5B33450038F167 /* Build configuration list for PBXNativeTarget "MyXcodeObject" */ = {
			isa = XCConfigurationList;
			buildConfigurations = (
				349844411E5B33450038F167 /* Debug */,
				349844421E5B33450038F167 /* Release */,
			);
			defaultConfigurationIsVisible = 0;
			defaultConfigurationName = Release;
		};
		349844431E5B33450038F167 /* Build configuration list for PBXNativeTarget "MyXcodeObjectTests" */ = {
			isa = XCConfigurationList;
			buildConfigurations = (
				349844441E5B33450038F167 /* Debug */,
				349844451E5B33450038F167 /* Release */,
			);
			defaultConfigurationIsVisible = 0;
			defaultConfigurationName = Release;
		};
		349844461E5B33450038F167 /* Build configuration list for PBXNativeTarget "MyXcodeObjectUITests" */ = {
			isa = XCConfigurationList;
			buildConfigurations = (
				349844471E5B33450038F167 /* Debug */,
				349844481E5B33450038F167 /* Release */,
			);
			defaultConfigurationIsVisible = 0;
			defaultConfigurationName = Release;
		};
/* End XCConfigurationList section */
	};
	rootObject = 3498440B1E5B33450038F167 /* Project object */;
}
